
Microsoft Visual Studio Solution File, Format Version 12.00
# Visual Studio Version 17
VisualStudioVersion = 17.0.32014.148
MinimumVisualStudioVersion = 10.0.40219.1
Project("{FAE04EC0-301F-11D3-BF4B-00C04F79EFBC}") = "FormLKS2017", "FormLKS2017\FormLKS2017.csproj", "{DFF6EA02-51F8-4421-81A0-DFCC2CF882C9}"
EndProject
Global
	GlobalSection(SolutionConfigurationPlatforms) = preSolution
		Debug|Any CPU = Debug|Any CPU
		Release|Any CPU = Release|Any CPU
	EndGlobalSection
	GlobalSection(ProjectConfigurationPlatforms) = postSolution
		{DFF6EA02-51F8-4421-81A0-DFCC2CF882C9}.Debug|Any CPU.ActiveCfg = Debug|Any CPU
		{DFF6EA02-51F8-4421-81A0-DFCC2CF882C9}.Debug|Any CPU.Build.0 = Debug|Any CPU
		{DFF6EA02-51F8-4421-81A0-DFCC2CF882C9}.Release|Any CPU.ActiveCfg = Release|Any CPU
		{DFF6EA02-51F8-4421-81A0-DFCC2CF882C9}.Release|Any CPU.Build.0 = Release|Any CPU
	EndGlobalSection
	GlobalSection(SolutionProperties) = preSolution
		HideSolutionNode = FALSE
	EndGlobalSection
	GlobalSection(ExtensibilityGlobals) = postSolution
		SolutionGuid = {D7FA2467-81DA-4704-96AF-3D29822340F9}
	EndGlobalSection
EndGlobal
